
Microsoft Visual Studio Solution File, Format Version 12.00
# Visual Studio 15
VisualStudioVersion = 15.0.26124.0
MinimumVisualStudioVersion = 15.0.26124.0
Project("{2150E333-8FDC-42A3-9474-1A3956D46DE8}") = "src", "src", "{49208C7D-9599-4A1E-801E-A96B495080ED}"
EndProject
Project("{FAE04EC0-301F-11D3-BF4B-00C04F79EFBC}") = "SimpleAPI", "src\SimpleAPI\SimpleAPI.csproj", "{DC2EBA1B-2016-4FD4-B98C-BDE0B1403AD7}"
EndProject
Project("{2150E333-8FDC-42A3-9474-1A3956D46DE8}") = "test", "test", "{D317BBF2-6962-40D2-A7F6-CB3B6C66D233}"
EndProject
Project("{FAE04EC0-301F-11D3-BF4B-00C04F79EFBC}") = "SimpleAPI.Tests", "test\SimpleAPI.Tests\SimpleAPI.Tests.csproj", "{314EAA4F-AF18-4810-91C1-2DAEE945AC76}"
EndProject
Global
	GlobalSection(SolutionConfigurationPlatforms) = preSolution
		Debug|Any CPU = Debug|Any CPU
		Debug|x64 = Debug|x64
		Debug|x86 = Debug|x86
		Release|Any CPU = Release|Any CPU
		Release|x64 = Release|x64
		Release|x86 = Release|x86
	EndGlobalSection
	GlobalSection(SolutionProperties) = preSolution
		HideSolutionNode = FALSE
	EndGlobalSection
	GlobalSection(ProjectConfigurationPlatforms) = postSolution
		{DC2EBA1B-2016-4FD4-B98C-BDE0B1403AD7}.Debug|Any CPU.ActiveCfg = Debug|Any CPU
		{DC2EBA1B-2016-4FD4-B98C-BDE0B1403AD7}.Debug|Any CPU.Build.0 = Debug|Any CPU
		{DC2EBA1B-2016-4FD4-B98C-BDE0B1403AD7}.Debug|x64.ActiveCfg = Debug|Any CPU
		{DC2EBA1B-2016-4FD4-B98C-BDE0B1403AD7}.Debug|x64.Build.0 = Debug|Any CPU
		{DC2EBA1B-2016-4FD4-B98C-BDE0B1403AD7}.Debug|x86.ActiveCfg = Debug|Any CPU
		{DC2EBA1B-2016-4FD4-B98C-BDE0B1403AD7}.Debug|x86.Build.0 = Debug|Any CPU
		{DC2EBA1B-2016-4FD4-B98C-BDE0B1403AD7}.Release|Any CPU.ActiveCfg = Release|Any CPU
		{DC2EBA1B-2016-4FD4-B98C-BDE0B1403AD7}.Release|Any CPU.Build.0 = Release|Any CPU
		{DC2EBA1B-2016-4FD4-B98C-BDE0B1403AD7}.Release|x64.ActiveCfg = Release|Any CPU
		{DC2EBA1B-2016-4FD4-B98C-BDE0B1403AD7}.Release|x64.Build.0 = Release|Any CPU
		{DC2EBA1B-2016-4FD4-B98C-BDE0B1403AD7}.Release|x86.ActiveCfg = Release|Any CPU
		{DC2EBA1B-2016-4FD4-B98C-BDE0B1403AD7}.Release|x86.Build.0 = Release|Any CPU
		{314EAA4F-AF18-4810-91C1-2DAEE945AC76}.Debug|Any CPU.ActiveCfg = Debug|Any CPU
		{314EAA4F-AF18-4810-91C1-2DAEE945AC76}.Debug|Any CPU.Build.0 = Debug|Any CPU
		{314EAA4F-AF18-4810-91C1-2DAEE945AC76}.Debug|x64.ActiveCfg = Debug|Any CPU
		{314EAA4F-AF18-4810-91C1-2DAEE945AC76}.Debug|x64.Build.0 = Debug|Any CPU
		{314EAA4F-AF18-4810-91C1-2DAEE945AC76}.Debug|x86.ActiveCfg = Debug|Any CPU
		{314EAA4F-AF18-4810-91C1-2DAEE945AC76}.Debug|x86.Build.0 = Debug|Any CPU
		{314EAA4F-AF18-4810-91C1-2DAEE945AC76}.Release|Any CPU.ActiveCfg = Release|Any CPU
		{314EAA4F-AF18-4810-91C1-2DAEE945AC76}.Release|Any CPU.Build.0 = Release|Any CPU
		{314EAA4F-AF18-4810-91C1-2DAEE945AC76}.Release|x64.ActiveCfg = Release|Any CPU
		{314EAA4F-AF18-4810-91C1-2DAEE945AC76}.Release|x64.Build.0 = Release|Any CPU
		{314EAA4F-AF18-4810-91C1-2DAEE945AC76}.Release|x86.ActiveCfg = Release|Any CPU
		{314EAA4F-AF18-4810-91C1-2DAEE945AC76}.Release|x86.Build.0 = Release|Any CPU
	EndGlobalSection
	GlobalSection(NestedProjects) = preSolution
		{DC2EBA1B-2016-4FD4-B98C-BDE0B1403AD7} = {49208C7D-9599-4A1E-801E-A96B495080ED}
		{314EAA4F-AF18-4810-91C1-2DAEE945AC76} = {D317BBF2-6962-40D2-A7F6-CB3B6C66D233}
	EndGlobalSection
EndGlobal
